
Microsoft Visual Studio Solution File, Format Version 12.00
# Visual Studio Version 17
VisualStudioVersion = 17.1.32319.34
MinimumVisualStudioVersion = 10.0.40219.1
Project("{9A19103F-16F7-4668-BE54-9A1E7A4F7556}") = "MAC", "MAC University\MAC.csproj", "{D63B8B63-FDF3-458E-A9E1-A6B8DC178608}"
EndProject
Project("{2150E333-8FDC-42A3-9474-1A3956D46DE8}") = "1.App", "1.App", "{9C5618C1-47A4-467F-9134-1A20C58BBB29}"
EndProject
Project("{2150E333-8FDC-42A3-9474-1A3956D46DE8}") = "2.Services", "2.Services", "{07C7ED86-45D4-484F-9DD5-E9580B7678F4}"
EndProject
Project("{2150E333-8FDC-42A3-9474-1A3956D46DE8}") = "3.Data", "3.Data", "{1379E203-B53A-44CF-A4D4-C3A7C1A87AC0}"
EndProject
Project("{9A19103F-16F7-4668-BE54-9A1E7A4F7556}") = "MAC.Services", "MAC.Services\MAC.Services.csproj", "{B488C90B-B3C0-4FAD-9182-B0487178E5F0}"
EndProject
Project("{9A19103F-16F7-4668-BE54-9A1E7A4F7556}") = "MAC.Data", "MAC.Data\MAC.Data.csproj", "{37C7ECBA-52D0-49D1-A3B5-3A31477AD30F}"
EndProject
Project("{9A19103F-16F7-4668-BE54-9A1E7A4F7556}") = "MAC.Data.Entities", "MAC.Data.Entities\MAC.Data.Entities.csproj", "{50910943-E302-49C9-A7E9-E1EC04BA69D5}"
EndProject
Project("{9A19103F-16F7-4668-BE54-9A1E7A4F7556}") = "MAC.Data.DTO", "MAC.Data.DTO\MAC.Data.DTO.csproj", "{88CDA738-535C-424C-8343-93D0DC32DE75}"
EndProject
Project("{FAE04EC0-301F-11D3-BF4B-00C04F79EFBC}") = "MAC.Data.Abstractions", "MAC.Data.Abstractions\MAC.Data.Abstractions.csproj", "{EFEB5158-9EFE-4C93-8F62-D3FE6757AC2D}"
EndProject
Global
	GlobalSection(SolutionConfigurationPlatforms) = preSolution
		Debug|Any CPU = Debug|Any CPU
		Release|Any CPU = Release|Any CPU
	EndGlobalSection
	GlobalSection(ProjectConfigurationPlatforms) = postSolution
		{D63B8B63-FDF3-458E-A9E1-A6B8DC178608}.Debug|Any CPU.ActiveCfg = Debug|Any CPU
		{D63B8B63-FDF3-458E-A9E1-A6B8DC178608}.Debug|Any CPU.Build.0 = Debug|Any CPU
		{D63B8B63-FDF3-458E-A9E1-A6B8DC178608}.Release|Any CPU.ActiveCfg = Release|Any CPU
		{D63B8B63-FDF3-458E-A9E1-A6B8DC178608}.Release|Any CPU.Build.0 = Release|Any CPU
		{B488C90B-B3C0-4FAD-9182-B0487178E5F0}.Debug|Any CPU.ActiveCfg = Debug|Any CPU
		{B488C90B-B3C0-4FAD-9182-B0487178E5F0}.Debug|Any CPU.Build.0 = Debug|Any CPU
		{B488C90B-B3C0-4FAD-9182-B0487178E5F0}.Release|Any CPU.ActiveCfg = Release|Any CPU
		{B488C90B-B3C0-4FAD-9182-B0487178E5F0}.Release|Any CPU.Build.0 = Release|Any CPU
		{37C7ECBA-52D0-49D1-A3B5-3A31477AD30F}.Debug|Any CPU.ActiveCfg = Debug|Any CPU
		{37C7ECBA-52D0-49D1-A3B5-3A31477AD30F}.Debug|Any CPU.Build.0 = Debug|Any CPU
		{37C7ECBA-52D0-49D1-A3B5-3A31477AD30F}.Release|Any CPU.ActiveCfg = Release|Any CPU
		{37C7ECBA-52D0-49D1-A3B5-3A31477AD30F}.Release|Any CPU.Build.0 = Release|Any CPU
		{50910943-E302-49C9-A7E9-E1EC04BA69D5}.Debug|Any CPU.ActiveCfg = Debug|Any CPU
		{50910943-E302-49C9-A7E9-E1EC04BA69D5}.Debug|Any CPU.Build.0 = Debug|Any CPU
		{50910943-E302-49C9-A7E9-E1EC04BA69D5}.Release|Any CPU.ActiveCfg = Release|Any CPU
		{50910943-E302-49C9-A7E9-E1EC04BA69D5}.Release|Any CPU.Build.0 = Release|Any CPU
		{88CDA738-535C-424C-8343-93D0DC32DE75}.Debug|Any CPU.ActiveCfg = Debug|Any CPU
		{88CDA738-535C-424C-8343-93D0DC32DE75}.Debug|Any CPU.Build.0 = Debug|Any CPU
		{88CDA738-535C-424C-8343-93D0DC32DE75}.Release|Any CPU.ActiveCfg = Release|Any CPU
		{88CDA738-535C-424C-8343-93D0DC32DE75}.Release|Any CPU.Build.0 = Release|Any CPU
		{EFEB5158-9EFE-4C93-8F62-D3FE6757AC2D}.Debug|Any CPU.ActiveCfg = Debug|Any CPU
		{EFEB5158-9EFE-4C93-8F62-D3FE6757AC2D}.Debug|Any CPU.Build.0 = Debug|Any CPU
		{EFEB5158-9EFE-4C93-8F62-D3FE6757AC2D}.Release|Any CPU.ActiveCfg = Release|Any CPU
		{EFEB5158-9EFE-4C93-8F62-D3FE6757AC2D}.Release|Any CPU.Build.0 = Release|Any CPU
	EndGlobalSection
	GlobalSection(SolutionProperties) = preSolution
		HideSolutionNode = FALSE
	EndGlobalSection
	GlobalSection(NestedProjects) = preSolution
		{D63B8B63-FDF3-458E-A9E1-A6B8DC178608} = {9C5618C1-47A4-467F-9134-1A20C58BBB29}
		{B488C90B-B3C0-4FAD-9182-B0487178E5F0} = {07C7ED86-45D4-484F-9DD5-E9580B7678F4}
		{37C7ECBA-52D0-49D1-A3B5-3A31477AD30F} = {1379E203-B53A-44CF-A4D4-C3A7C1A87AC0}
		{50910943-E302-49C9-A7E9-E1EC04BA69D5} = {1379E203-B53A-44CF-A4D4-C3A7C1A87AC0}
		{88CDA738-535C-424C-8343-93D0DC32DE75} = {1379E203-B53A-44CF-A4D4-C3A7C1A87AC0}
		{EFEB5158-9EFE-4C93-8F62-D3FE6757AC2D} = {1379E203-B53A-44CF-A4D4-C3A7C1A87AC0}
	EndGlobalSection
	GlobalSection(ExtensibilityGlobals) = postSolution
		SolutionGuid = {25F12152-0600-419F-808E-3F0D0020CE20}
	EndGlobalSection
EndGlobal
